
Microsoft Visual Studio Solution File, Format Version 12.00
# Visual Studio Version 17
VisualStudioVersion = 17.0.32428.209
MinimumVisualStudioVersion = 10.0.40219.1
Project("{9A19103F-16F7-4668-BE54-9A1E7A4F7556}") = "HackerRankSolvings", "HackerRankSolvings\HackerRankSolvings.csproj", "{D34C29CB-BFA1-4C96-81D4-58924599102E}"
EndProject
Project("{2150E333-8FDC-42A3-9474-1A3956D46DE8}") = "Solution Items", "Solution Items", "{A9E4CBF8-288E-418C-832F-15767F877124}"
	ProjectSection(SolutionItems) = preProject
		.editorconfig = .editorconfig
	EndProjectSection
EndProject
Global
	GlobalSection(SolutionConfigurationPlatforms) = preSolution
		Debug|Any CPU = Debug|Any CPU
		Release|Any CPU = Release|Any CPU
	EndGlobalSection
	GlobalSection(ProjectConfigurationPlatforms) = postSolution
		{D34C29CB-BFA1-4C96-81D4-58924599102E}.Debug|Any CPU.ActiveCfg = Debug|Any CPU
		{D34C29CB-BFA1-4C96-81D4-58924599102E}.Debug|Any CPU.Build.0 = Debug|Any CPU
		{D34C29CB-BFA1-4C96-81D4-58924599102E}.Release|Any CPU.ActiveCfg = Release|Any CPU
		{D34C29CB-BFA1-4C96-81D4-58924599102E}.Release|Any CPU.Build.0 = Release|Any CPU
	EndGlobalSection
	GlobalSection(SolutionProperties) = preSolution
		HideSolutionNode = FALSE
	EndGlobalSection
	GlobalSection(ExtensibilityGlobals) = postSolution
		SolutionGuid = {09CC3FE6-BFD0-4868-BA6D-50FCA4DB013E}
	EndGlobalSection
EndGlobal
